
Microsoft Visual Studio Solution File, Format Version 12.00
# Visual Studio 15
VisualStudioVersion = 15.0.27004.2002
MinimumVisualStudioVersion = 10.0.40219.1
Project("{9A19103F-16F7-4668-BE54-9A1E7A4F7556}") = "IdSP.Core", "src\IdSP.Core\IdSP.Core.csproj", "{71BE2936-D5CE-4E18-90AC-61C23F322943}"
EndProject
Project("{9A19103F-16F7-4668-BE54-9A1E7A4F7556}") = "MVC Hybrid", "src\clients\MVC Hybrid\MVC Hybrid.csproj", "{622D4C9D-3029-4543-9EFC-437FD9AEA831}"
EndProject
Project("{2150E333-8FDC-42A3-9474-1A3956D46DE8}") = "clients", "clients", "{7D994FDB-3490-4DBF-8AB0-C355E12E2CC1}"
EndProject
Project("{FAE04EC0-301F-11D3-BF4B-00C04F79EFBC}") = "WebAPI", "src\clients\WebAPI\WebAPI.csproj", "{C5E8A86E-C343-4156-A550-747C7933D7C7}"
EndProject
Project("{FAE04EC0-301F-11D3-BF4B-00C04F79EFBC}") = "App", "src\clients\App\App.csproj", "{70DA66F7-5F11-471A-91A9-47CD4EF46274}"
EndProject
Global
	GlobalSection(SolutionConfigurationPlatforms) = preSolution
		Debug|Any CPU = Debug|Any CPU
		Release|Any CPU = Release|Any CPU
	EndGlobalSection
	GlobalSection(ProjectConfigurationPlatforms) = postSolution
		{71BE2936-D5CE-4E18-90AC-61C23F322943}.Debug|Any CPU.ActiveCfg = Debug|Any CPU
		{71BE2936-D5CE-4E18-90AC-61C23F322943}.Debug|Any CPU.Build.0 = Debug|Any CPU
		{71BE2936-D5CE-4E18-90AC-61C23F322943}.Release|Any CPU.ActiveCfg = Release|Any CPU
		{71BE2936-D5CE-4E18-90AC-61C23F322943}.Release|Any CPU.Build.0 = Release|Any CPU
		{622D4C9D-3029-4543-9EFC-437FD9AEA831}.Debug|Any CPU.ActiveCfg = Debug|Any CPU
		{622D4C9D-3029-4543-9EFC-437FD9AEA831}.Debug|Any CPU.Build.0 = Debug|Any CPU
		{622D4C9D-3029-4543-9EFC-437FD9AEA831}.Release|Any CPU.ActiveCfg = Release|Any CPU
		{622D4C9D-3029-4543-9EFC-437FD9AEA831}.Release|Any CPU.Build.0 = Release|Any CPU
		{C5E8A86E-C343-4156-A550-747C7933D7C7}.Debug|Any CPU.ActiveCfg = Debug|Any CPU
		{C5E8A86E-C343-4156-A550-747C7933D7C7}.Debug|Any CPU.Build.0 = Debug|Any CPU
		{C5E8A86E-C343-4156-A550-747C7933D7C7}.Release|Any CPU.ActiveCfg = Release|Any CPU
		{C5E8A86E-C343-4156-A550-747C7933D7C7}.Release|Any CPU.Build.0 = Release|Any CPU
		{70DA66F7-5F11-471A-91A9-47CD4EF46274}.Debug|Any CPU.ActiveCfg = Debug|Any CPU
		{70DA66F7-5F11-471A-91A9-47CD4EF46274}.Debug|Any CPU.Build.0 = Debug|Any CPU
		{70DA66F7-5F11-471A-91A9-47CD4EF46274}.Release|Any CPU.ActiveCfg = Release|Any CPU
		{70DA66F7-5F11-471A-91A9-47CD4EF46274}.Release|Any CPU.Build.0 = Release|Any CPU
	EndGlobalSection
	GlobalSection(SolutionProperties) = preSolution
		HideSolutionNode = FALSE
	EndGlobalSection
	GlobalSection(NestedProjects) = preSolution
		{622D4C9D-3029-4543-9EFC-437FD9AEA831} = {7D994FDB-3490-4DBF-8AB0-C355E12E2CC1}
		{C5E8A86E-C343-4156-A550-747C7933D7C7} = {7D994FDB-3490-4DBF-8AB0-C355E12E2CC1}
		{70DA66F7-5F11-471A-91A9-47CD4EF46274} = {7D994FDB-3490-4DBF-8AB0-C355E12E2CC1}
	EndGlobalSection
	GlobalSection(ExtensibilityGlobals) = postSolution
		SolutionGuid = {FA1CF556-B4DA-4CF1-8927-6D0E8810DDE1}
	EndGlobalSection
EndGlobal
